
Microsoft Visual Studio Solution File, Format Version 12.00
# Visual Studio Version 17
VisualStudioVersion = 17.9.34728.123
MinimumVisualStudioVersion = 10.0.40219.1
Project("{F184B08F-C81C-45F6-A57F-5ABD9991F28F}") = "WindowsApp1", "WindowsApp1.vbproj", "{D0A72673-C9A1-465F-AD4E-12E6094E8DCA}"
EndProject
Global
	GlobalSection(SolutionConfigurationPlatforms) = preSolution
		Debug|Any CPU = Debug|Any CPU
		Release|Any CPU = Release|Any CPU
	EndGlobalSection
	GlobalSection(ProjectConfigurationPlatforms) = postSolution
		{D0A72673-C9A1-465F-AD4E-12E6094E8DCA}.Debug|Any CPU.ActiveCfg = Debug|Any CPU
		{D0A72673-C9A1-465F-AD4E-12E6094E8DCA}.Debug|Any CPU.Build.0 = Debug|Any CPU
		{D0A72673-C9A1-465F-AD4E-12E6094E8DCA}.Release|Any CPU.ActiveCfg = Release|Any CPU
		{D0A72673-C9A1-465F-AD4E-12E6094E8DCA}.Release|Any CPU.Build.0 = Release|Any CPU
	EndGlobalSection
	GlobalSection(SolutionProperties) = preSolution
		HideSolutionNode = FALSE
	EndGlobalSection
	GlobalSection(ExtensibilityGlobals) = postSolution
		SolutionGuid = {04B64D9D-EC31-499F-9C0E-3761A526711F}
	EndGlobalSection
EndGlobal
